# THIS IS AN AUTOGENERATED FILE. DO NOT EDIT THIS FILE DIRECTLY.
# yarn lockfile v1


"@uppy/aws-s3-multipart@^3.1.1":
  version "3.1.1"
  resolved "https://registry.yarnpkg.com/@uppy/aws-s3-multipart/-/aws-s3-multipart-3.1.1.tgz#996184d7c73122d9a33b166e2960215e482e57ab"
  integrity sha512-vL4QtbI5T4cGJLHm2GzKIGeaiy2zbgNW0nn/3LxYQ+wrBHLJoVZ/6uzMiFdNUBNa28rRQ/qxWTmy/kD6co95cg==
  dependencies:
    "@uppy/companion-client" "^3.1.1"
    "@uppy/utils" "^5.1.1"

"@uppy/companion-client@^3.1.1":
  version "3.1.1"
  resolved "https://registry.yarnpkg.com/@uppy/companion-client/-/companion-client-3.1.1.tgz#8c9974f70b899a40771da9a90113941356f9842e"
  integrity sha512-S1M37vjWu8gdOgdI3Hh/1fVZ9GaLdyPQjVyUujZDTsr79b4VG7v/zjdqJ0FiOTjfGbpnj8s9kr1uyYi0Zf5VFw==
  dependencies:
    "@uppy/utils" "^5.1.1"
    namespace-emitter "^2.0.1"

"@uppy/utils@^5.1.1":
  version "5.1.1"
  resolved "https://registry.yarnpkg.com/@uppy/utils/-/utils-5.1.1.tgz#9597e8696e17d71413672bd56eb082c7410514a3"
  integrity sha512-uoI+PcIVQboky0ZbN4PQeK1seZnnJocomzeK7blId9HKJ6QNgZLf2ibk2CQuQxrOuNsWhgrhs5uLO5Si0oM0Yw==
  dependencies:
    lodash.throttle "^4.1.1"

lodash.throttle@^4.1.1:
  version "4.1.1"
  resolved "https://registry.yarnpkg.com/lodash.throttle/-/lodash.throttle-4.1.1.tgz#c23e91b710242ac70c37f1e1cda9274cc39bf2f4"
  integrity sha512-wIkUCfVKpVsWo3JSZlc+8MB5it+2AN5W8J7YVMST30UrvcQNZ1Okbj+rbVniijTWE6FGYy4XJq/rHkas8qJMLQ==

namespace-emitter@^2.0.1:
  version "2.0.1"
  resolved "https://registry.yarnpkg.com/namespace-emitter/-/namespace-emitter-2.0.1.tgz#978d51361c61313b4e6b8cf6f3853d08dfa2b17c"
  integrity sha512-N/sMKHniSDJBjfrkbS/tpkPj4RAbvW3mr8UAzvlMHyun93XEm83IAvhWtJVHo+RHn/oO8Job5YN4b+wRjSVp5g==

react-hook-form@^7.41.2:
  version "7.41.2"
  resolved "https://registry.yarnpkg.com/react-hook-form/-/react-hook-form-7.41.2.tgz#db37b0bfd844b96d7b30d26ed3c55366e3c2c7cd"
  integrity sha512-Uz5kNlfkEZve0sr5y2LsxPDGN3eNDjjKb1XJgand1E5Ay0S3zWo8YcJQNGu88/Zs6JaFnrJqTXbSr6B2q7wllA==
