# THIS IS AN AUTOGENERATED FILE. DO NOT EDIT THIS FILE DIRECTLY.
# yarn lockfile v1


react-hook-form@^7.41.2:
  version "7.41.2"
  resolved "https://registry.yarnpkg.com/react-hook-form/-/react-hook-form-7.41.2.tgz#db37b0bfd844b96d7b30d26ed3c55366e3c2c7cd"
  integrity sha512-Uz5kNlfkEZve0sr5y2LsxPDGN3eNDjjKb1XJgand1E5Ay0S3zWo8YcJQNGu88/Zs6JaFnrJqTXbSr6B2q7wllA==
